
Microsoft Visual Studio Solution File, Format Version 12.00
# Visual Studio Version 17
VisualStudioVersion = 17.6.33723.286
MinimumVisualStudioVersion = 10.0.40219.1
Project("{9A19103F-16F7-4668-BE54-9A1E7A4F7556}") = "P1.SumAdjacentEqualNumbers", "P1.SumAdjacentEqualNumbers\P1.SumAdjacentEqualNumbers.csproj", "{A188C9C6-9E81-48DE-82F8-11CCCCE1B51D}"
EndProject
Project("{9A19103F-16F7-4668-BE54-9A1E7A4F7556}") = "P2.Gauss'Trick", "P2.Gauss'Trick\P2.Gauss'Trick.csproj", "{7D18C031-326F-4AAC-82AB-F8EE11A01209}"
EndProject
Project("{9A19103F-16F7-4668-BE54-9A1E7A4F7556}") = "P3. MergingLists", "P3. MergingLists\P3. MergingLists.csproj", "{4EF232CD-AD6F-4B98-9AD9-61A906576D4C}"
EndProject
Project("{FAE04EC0-301F-11D3-BF4B-00C04F79EFBC}") = "P4.ListOfProducts", "P4.ListOfProducts\P4.ListOfProducts.csproj", "{3D1A046C-AB97-4F4B-9FE9-939CA7BE8244}"
EndProject
Global
	GlobalSection(SolutionConfigurationPlatforms) = preSolution
		Debug|Any CPU = Debug|Any CPU
		Release|Any CPU = Release|Any CPU
	EndGlobalSection
	GlobalSection(ProjectConfigurationPlatforms) = postSolution
		{A188C9C6-9E81-48DE-82F8-11CCCCE1B51D}.Debug|Any CPU.ActiveCfg = Debug|Any CPU
		{A188C9C6-9E81-48DE-82F8-11CCCCE1B51D}.Debug|Any CPU.Build.0 = Debug|Any CPU
		{A188C9C6-9E81-48DE-82F8-11CCCCE1B51D}.Release|Any CPU.ActiveCfg = Release|Any CPU
		{A188C9C6-9E81-48DE-82F8-11CCCCE1B51D}.Release|Any CPU.Build.0 = Release|Any CPU
		{7D18C031-326F-4AAC-82AB-F8EE11A01209}.Debug|Any CPU.ActiveCfg = Debug|Any CPU
		{7D18C031-326F-4AAC-82AB-F8EE11A01209}.Debug|Any CPU.Build.0 = Debug|Any CPU
		{7D18C031-326F-4AAC-82AB-F8EE11A01209}.Release|Any CPU.ActiveCfg = Release|Any CPU
		{7D18C031-326F-4AAC-82AB-F8EE11A01209}.Release|Any CPU.Build.0 = Release|Any CPU
		{4EF232CD-AD6F-4B98-9AD9-61A906576D4C}.Debug|Any CPU.ActiveCfg = Debug|Any CPU
		{4EF232CD-AD6F-4B98-9AD9-61A906576D4C}.Debug|Any CPU.Build.0 = Debug|Any CPU
		{4EF232CD-AD6F-4B98-9AD9-61A906576D4C}.Release|Any CPU.ActiveCfg = Release|Any CPU
		{4EF232CD-AD6F-4B98-9AD9-61A906576D4C}.Release|Any CPU.Build.0 = Release|Any CPU
		{3D1A046C-AB97-4F4B-9FE9-939CA7BE8244}.Debug|Any CPU.ActiveCfg = Debug|Any CPU
		{3D1A046C-AB97-4F4B-9FE9-939CA7BE8244}.Debug|Any CPU.Build.0 = Debug|Any CPU
		{3D1A046C-AB97-4F4B-9FE9-939CA7BE8244}.Release|Any CPU.ActiveCfg = Release|Any CPU
		{3D1A046C-AB97-4F4B-9FE9-939CA7BE8244}.Release|Any CPU.Build.0 = Release|Any CPU
	EndGlobalSection
	GlobalSection(SolutionProperties) = preSolution
		HideSolutionNode = FALSE
	EndGlobalSection
	GlobalSection(ExtensibilityGlobals) = postSolution
		SolutionGuid = {CF9641C5-816E-4E44-ABA0-420D76B25279}
	EndGlobalSection
EndGlobal
